// !$*UTF8*$!
{
	archiveVersion = 1;
	classes = {
	};
	objectVersion = 56;
	objects = {

/* Begin PBXBuildFile section */
		7F034ADC2A5D1A78003CCFBC /* LibraryViewModel.swift in Sources */ = {isa = PBXBuildFile; fileRef = 7F034ADB2A5D1A78003CCFBC /* LibraryViewModel.swift */; };
		7F034AE02A5D56F2003CCFBC /* CreatePlaylistView.swift in Sources */ = {isa = PBXBuildFile; fileRef = 7F034ADF2A5D56F2003CCFBC /* CreatePlaylistView.swift */; };
		7F35AF302A601BFE007AB06F /* TopSongsView.swift in Sources */ = {isa = PBXBuildFile; fileRef = 7F35AF2F2A601BFE007AB06F /* TopSongsView.swift */; };
		7F3E4ED52A5E64A40037D5B2 /* SongsToPlaylistView().swift in Sources */ = {isa = PBXBuildFile; fileRef = 7F3E4ED42A5E64A40037D5B2 /* SongsToPlaylistView().swift */; };
		7F3E4ED82A5E86640037D5B2 /* ProfileView.swift in Sources */ = {isa = PBXBuildFile; fileRef = 7F3E4ED72A5E86640037D5B2 /* ProfileView.swift */; };
		7F3E4EDB2A5EA2860037D5B2 /* SettingsView.swift in Sources */ = {isa = PBXBuildFile; fileRef = 7F3E4EDA2A5EA2860037D5B2 /* SettingsView.swift */; };
		7F59C66E2A5BC8DD004EC5C2 /* MusicianPlaylistView.swift in Sources */ = {isa = PBXBuildFile; fileRef = 7F59C66D2A5BC8DD004EC5C2 /* MusicianPlaylistView.swift */; };
		7F59C6702A5BDD98004EC5C2 /* MusicianPlaylistModel.swift in Sources */ = {isa = PBXBuildFile; fileRef = 7F59C66F2A5BDD98004EC5C2 /* MusicianPlaylistModel.swift */; };
		7F59C6732A5C03F0004EC5C2 /* MusicianInfoView.swift in Sources */ = {isa = PBXBuildFile; fileRef = 7F59C6722A5C03F0004EC5C2 /* MusicianInfoView.swift */; };
		7F8D16E92A552FC90021C994 /* Righteous-Regular.ttf in Resources */ = {isa = PBXBuildFile; fileRef = 7F8D16E82A552FC90021C994 /* Righteous-Regular.ttf */; };
		7F8D16EB2A5530340021C994 /* Poppins-Regular.ttf in Resources */ = {isa = PBXBuildFile; fileRef = 7F8D16EA2A5530340021C994 /* Poppins-Regular.ttf */; };
		7F8D16ED2A5535780021C994 /* Poppins-Bold.ttf in Resources */ = {isa = PBXBuildFile; fileRef = 7F8D16EC2A5535780021C994 /* Poppins-Bold.ttf */; };
		7F8D16EF2A5535E50021C994 /* Poppins-Italic.ttf in Resources */ = {isa = PBXBuildFile; fileRef = 7F8D16EE2A5535E50021C994 /* Poppins-Italic.ttf */; };
		7F8D16F42A55381F0021C994 /* TabNavigationView.swift in Sources */ = {isa = PBXBuildFile; fileRef = 7F8D16F32A55381F0021C994 /* TabNavigationView.swift */; };
		7F8D16F62A554A880021C994 /* Utils.swift in Sources */ = {isa = PBXBuildFile; fileRef = 7F8D16F52A554A880021C994 /* Utils.swift */; };
		7F8D16FB2A5566E40021C994 /* HomeView.swift in Sources */ = {isa = PBXBuildFile; fileRef = 7F8D16FA2A5566E40021C994 /* HomeView.swift */; };
		7F8D71932A57CD3D005A31F2 /* Login-Signup ViewModel.swift in Sources */ = {isa = PBXBuildFile; fileRef = 7F8D71922A57CD3C005A31F2 /* Login-Signup ViewModel.swift */; };
		7F8F197B2A6101C7003EA414 /* AlbumDetailsView.swift in Sources */ = {isa = PBXBuildFile; fileRef = 7F8F197A2A6101C7003EA414 /* AlbumDetailsView.swift */; };
		7F9B35162A5C374100834CB6 /* LibraryView.swift in Sources */ = {isa = PBXBuildFile; fileRef = 7F9B35152A5C374100834CB6 /* LibraryView.swift */; };
		7FBBB5C72A5FB4E300F7F785 /* ConcertsView.swift in Sources */ = {isa = PBXBuildFile; fileRef = 7FBBB5C62A5FB4E300F7F785 /* ConcertsView.swift */; };
		7FBBB5CA2A5FC20500F7F785 /* UserFavPlaylistView.swift in Sources */ = {isa = PBXBuildFile; fileRef = 7FBBB5C92A5FC20500F7F785 /* UserFavPlaylistView.swift */; };
		7FBBB5CD2A6012C800F7F785 /* VideoView.swift in Sources */ = {isa = PBXBuildFile; fileRef = 7FBBB5CC2A6012C800F7F785 /* VideoView.swift */; };
		7FC501742A567AF300FD8A58 /* SongListHomeModel.swift in Sources */ = {isa = PBXBuildFile; fileRef = 7FC501732A567AF300FD8A58 /* SongListHomeModel.swift */; };
		7FC501772A569A4E00FD8A58 /* GeolocationView.swift in Sources */ = {isa = PBXBuildFile; fileRef = 7FC501762A569A4E00FD8A58 /* GeolocationView.swift */; };
		7FE24D8C2A53F113002AFB22 /* demoApp.swift in Sources */ = {isa = PBXBuildFile; fileRef = 7FE24D8B2A53F113002AFB22 /* demoApp.swift */; };
		7FE24D8E2A53F113002AFB22 /* ContentView.swift in Sources */ = {isa = PBXBuildFile; fileRef = 7FE24D8D2A53F113002AFB22 /* ContentView.swift */; };
		7FE24D902A53F115002AFB22 /* Assets.xcassets in Resources */ = {isa = PBXBuildFile; fileRef = 7FE24D8F2A53F115002AFB22 /* Assets.xcassets */; };
		7FE24D932A53F115002AFB22 /* Preview Assets.xcassets in Resources */ = {isa = PBXBuildFile; fileRef = 7FE24D922A53F115002AFB22 /* Preview Assets.xcassets */; };
		7FE24D9D2A53F115002AFB22 /* demoTests.swift in Sources */ = {isa = PBXBuildFile; fileRef = 7FE24D9C2A53F115002AFB22 /* demoTests.swift */; };
		7FE24DA72A53F115002AFB22 /* demoUITests.swift in Sources */ = {isa = PBXBuildFile; fileRef = 7FE24DA62A53F115002AFB22 /* demoUITests.swift */; };
		7FE24DA92A53F115002AFB22 /* demoUITestsLaunchTests.swift in Sources */ = {isa = PBXBuildFile; fileRef = 7FE24DA82A53F115002AFB22 /* demoUITestsLaunchTests.swift */; };
		7FE24DB62A53F12D002AFB22 /* SplashView.swift in Sources */ = {isa = PBXBuildFile; fileRef = 7FE24DB52A53F12D002AFB22 /* SplashView.swift */; };
		7FE24DB82A53FCAC002AFB22 /* LoginView.swift in Sources */ = {isa = PBXBuildFile; fileRef = 7FE24DB72A53FCAC002AFB22 /* LoginView.swift */; };
		7FE24DBA2A54275F002AFB22 /* SignupView.swift in Sources */ = {isa = PBXBuildFile; fileRef = 7FE24DB92A54275F002AFB22 /* SignupView.swift */; };
/* End PBXBuildFile section */

/* Begin PBXContainerItemProxy section */
		7FE24D992A53F115002AFB22 /* PBXContainerItemProxy */ = {
			isa = PBXContainerItemProxy;
			containerPortal = 7FE24D802A53F113002AFB22 /* Project object */;
			proxyType = 1;
			remoteGlobalIDString = 7FE24D872A53F113002AFB22;
			remoteInfo = demo;
		};
		7FE24DA32A53F115002AFB22 /* PBXContainerItemProxy */ = {
			isa = PBXContainerItemProxy;
			containerPortal = 7FE24D802A53F113002AFB22 /* Project object */;
			proxyType = 1;
			remoteGlobalIDString = 7FE24D872A53F113002AFB22;
			remoteInfo = demo;
		};
/* End PBXContainerItemProxy section */

/* Begin PBXFileReference section */
		7F034ADB2A5D1A78003CCFBC /* LibraryViewModel.swift */ = {isa = PBXFileReference; lastKnownFileType = sourcecode.swift; path = LibraryViewModel.swift; sourceTree = "<group>"; };
		7F034ADF2A5D56F2003CCFBC /* CreatePlaylistView.swift */ = {isa = PBXFileReference; lastKnownFileType = sourcecode.swift; path = CreatePlaylistView.swift; sourceTree = "<group>"; };
		7F35AF2F2A601BFE007AB06F /* TopSongsView.swift */ = {isa = PBXFileReference; lastKnownFileType = sourcecode.swift; path = TopSongsView.swift; sourceTree = "<group>"; };
		7F3E4ED42A5E64A40037D5B2 /* SongsToPlaylistView().swift */ = {isa = PBXFileReference; lastKnownFileType = sourcecode.swift; path = "SongsToPlaylistView().swift"; sourceTree = "<group>"; };
		7F3E4ED72A5E86640037D5B2 /* ProfileView.swift */ = {isa = PBXFileReference; lastKnownFileType = sourcecode.swift; path = ProfileView.swift; sourceTree = "<group>"; };
		7F3E4EDA2A5EA2860037D5B2 /* SettingsView.swift */ = {isa = PBXFileReference; lastKnownFileType = sourcecode.swift; path = SettingsView.swift; sourceTree = "<group>"; };
		7F59C66D2A5BC8DD004EC5C2 /* MusicianPlaylistView.swift */ = {isa = PBXFileReference; lastKnownFileType = sourcecode.swift; path = MusicianPlaylistView.swift; sourceTree = "<group>"; };
		7F59C66F2A5BDD98004EC5C2 /* MusicianPlaylistModel.swift */ = {isa = PBXFileReference; lastKnownFileType = sourcecode.swift; path = MusicianPlaylistModel.swift; sourceTree = "<group>"; };
		7F59C6722A5C03F0004EC5C2 /* MusicianInfoView.swift */ = {isa = PBXFileReference; lastKnownFileType = sourcecode.swift; path = MusicianInfoView.swift; sourceTree = "<group>"; };
		7F8D16E42A552A0A0021C994 /* Info.plist */ = {isa = PBXFileReference; lastKnownFileType = text.plist; path = Info.plist; sourceTree = "<group>"; };
		7F8D16E82A552FC90021C994 /* Righteous-Regular.ttf */ = {isa = PBXFileReference; lastKnownFileType = file; path = "Righteous-Regular.ttf"; sourceTree = "<group>"; };
		7F8D16EA2A5530340021C994 /* Poppins-Regular.ttf */ = {isa = PBXFileReference; lastKnownFileType = file; path = "Poppins-Regular.ttf"; sourceTree = "<group>"; };
		7F8D16EC2A5535780021C994 /* Poppins-Bold.ttf */ = {isa = PBXFileReference; lastKnownFileType = file; path = "Poppins-Bold.ttf"; sourceTree = "<group>"; };
		7F8D16EE2A5535E50021C994 /* Poppins-Italic.ttf */ = {isa = PBXFileReference; lastKnownFileType = file; path = "Poppins-Italic.ttf"; sourceTree = "<group>"; };
		7F8D16F32A55381F0021C994 /* TabNavigationView.swift */ = {isa = PBXFileReference; lastKnownFileType = sourcecode.swift; path = TabNavigationView.swift; sourceTree = "<group>"; };
		7F8D16F52A554A880021C994 /* Utils.swift */ = {isa = PBXFileReference; lastKnownFileType = sourcecode.swift; path = Utils.swift; sourceTree = "<group>"; };
		7F8D16FA2A5566E40021C994 /* HomeView.swift */ = {isa = PBXFileReference; lastKnownFileType = sourcecode.swift; path = HomeView.swift; sourceTree = "<group>"; };
		7F8D71922A57CD3C005A31F2 /* Login-Signup ViewModel.swift */ = {isa = PBXFileReference; lastKnownFileType = sourcecode.swift; path = "Login-Signup ViewModel.swift"; sourceTree = "<group>"; };
		7F8F197A2A6101C7003EA414 /* AlbumDetailsView.swift */ = {isa = PBXFileReference; lastKnownFileType = sourcecode.swift; path = AlbumDetailsView.swift; sourceTree = "<group>"; };
		7F9B35152A5C374100834CB6 /* LibraryView.swift */ = {isa = PBXFileReference; lastKnownFileType = sourcecode.swift; path = LibraryView.swift; sourceTree = "<group>"; };
		7FBBB5C62A5FB4E300F7F785 /* ConcertsView.swift */ = {isa = PBXFileReference; lastKnownFileType = sourcecode.swift; path = ConcertsView.swift; sourceTree = "<group>"; };
		7FBBB5C92A5FC20500F7F785 /* UserFavPlaylistView.swift */ = {isa = PBXFileReference; lastKnownFileType = sourcecode.swift; path = UserFavPlaylistView.swift; sourceTree = "<group>"; };
		7FBBB5CC2A6012C800F7F785 /* VideoView.swift */ = {isa = PBXFileReference; lastKnownFileType = sourcecode.swift; path = VideoView.swift; sourceTree = "<group>"; };
		7FC501732A567AF300FD8A58 /* SongListHomeModel.swift */ = {isa = PBXFileReference; lastKnownFileType = sourcecode.swift; path = SongListHomeModel.swift; sourceTree = "<group>"; };
		7FC501762A569A4E00FD8A58 /* GeolocationView.swift */ = {isa = PBXFileReference; lastKnownFileType = sourcecode.swift; path = GeolocationView.swift; sourceTree = "<group>"; };
		7FE24D882A53F113002AFB22 /* demo.app */ = {isa = PBXFileReference; explicitFileType = wrapper.application; includeInIndex = 0; path = demo.app; sourceTree = BUILT_PRODUCTS_DIR; };
		7FE24D8B2A53F113002AFB22 /* demoApp.swift */ = {isa = PBXFileReference; lastKnownFileType = sourcecode.swift; path = demoApp.swift; sourceTree = "<group>"; };
		7FE24D8D2A53F113002AFB22 /* ContentView.swift */ = {isa = PBXFileReference; lastKnownFileType = sourcecode.swift; path = ContentView.swift; sourceTree = "<group>"; };
		7FE24D8F2A53F115002AFB22 /* Assets.xcassets */ = {isa = PBXFileReference; lastKnownFileType = folder.assetcatalog; path = Assets.xcassets; sourceTree = "<group>"; };
		7FE24D922A53F115002AFB22 /* Preview Assets.xcassets */ = {isa = PBXFileReference; lastKnownFileType = folder.assetcatalog; path = "Preview Assets.xcassets"; sourceTree = "<group>"; };
		7FE24D982A53F115002AFB22 /* demoTests.xctest */ = {isa = PBXFileReference; explicitFileType = wrapper.cfbundle; includeInIndex = 0; path = demoTests.xctest; sourceTree = BUILT_PRODUCTS_DIR; };
		7FE24D9C2A53F115002AFB22 /* demoTests.swift */ = {isa = PBXFileReference; lastKnownFileType = sourcecode.swift; path = demoTests.swift; sourceTree = "<group>"; };
		7FE24DA22A53F115002AFB22 /* demoUITests.xctest */ = {isa = PBXFileReference; explicitFileType = wrapper.cfbundle; includeInIndex = 0; path = demoUITests.xctest; sourceTree = BUILT_PRODUCTS_DIR; };
		7FE24DA62A53F115002AFB22 /* demoUITests.swift */ = {isa = PBXFileReference; lastKnownFileType = sourcecode.swift; path = demoUITests.swift; sourceTree = "<group>"; };
		7FE24DA82A53F115002AFB22 /* demoUITestsLaunchTests.swift */ = {isa = PBXFileReference; lastKnownFileType = sourcecode.swift; path = demoUITestsLaunchTests.swift; sourceTree = "<group>"; };
		7FE24DB52A53F12D002AFB22 /* SplashView.swift */ = {isa = PBXFileReference; lastKnownFileType = sourcecode.swift; path = SplashView.swift; sourceTree = "<group>"; };
		7FE24DB72A53FCAC002AFB22 /* LoginView.swift */ = {isa = PBXFileReference; lastKnownFileType = sourcecode.swift; path = LoginView.swift; sourceTree = "<group>"; };
		7FE24DB92A54275F002AFB22 /* SignupView.swift */ = {isa = PBXFileReference; lastKnownFileType = sourcecode.swift; path = SignupView.swift; sourceTree = "<group>"; };
/* End PBXFileReference section */

/* Begin PBXFrameworksBuildPhase section */
		7FE24D852A53F113002AFB22 /* Frameworks */ = {
			isa = PBXFrameworksBuildPhase;
			buildActionMask = 2147483647;
			files = (
			);
			runOnlyForDeploymentPostprocessing = 0;
		};
		7FE24D952A53F115002AFB22 /* Frameworks */ = {
			isa = PBXFrameworksBuildPhase;
			buildActionMask = 2147483647;
			files = (
			);
			runOnlyForDeploymentPostprocessing = 0;
		};
		7FE24D9F2A53F115002AFB22 /* Frameworks */ = {
			isa = PBXFrameworksBuildPhase;
			buildActionMask = 2147483647;
			files = (
			);
			runOnlyForDeploymentPostprocessing = 0;
		};
/* End PBXFrameworksBuildPhase section */

/* Begin PBXGroup section */
		7F034ADD2A5D56CC003CCFBC /* UserPlaylistViews */ = {
			isa = PBXGroup;
			children = (
				7F034ADE2A5D56DA003CCFBC /* CreatPlaylistView */,
			);
			name = UserPlaylistViews;
			sourceTree = "<group>";
		};
		7F034ADE2A5D56DA003CCFBC /* CreatPlaylistView */ = {
			isa = PBXGroup;
			children = (
				7F3E4ED32A5E64720037D5B2 /* AddSongToPlaylistView */,
				7F034ADF2A5D56F2003CCFBC /* CreatePlaylistView.swift */,
			);
			name = CreatPlaylistView;
			sourceTree = "<group>";
		};
		7F35AF2E2A601BE4007AB06F /* Top10SongsView */ = {
			isa = PBXGroup;
			children = (
				7F35AF2F2A601BFE007AB06F /* TopSongsView.swift */,
				7F8F197A2A6101C7003EA414 /* AlbumDetailsView.swift */,
			);
			name = Top10SongsView;
			sourceTree = "<group>";
		};
		7F3E4ED32A5E64720037D5B2 /* AddSongToPlaylistView */ = {
			isa = PBXGroup;
			children = (
				7F3E4ED42A5E64A40037D5B2 /* SongsToPlaylistView().swift */,
			);
			name = AddSongToPlaylistView;
			sourceTree = "<group>";
		};
		7F3E4ED62A5E86460037D5B2 /* ProfileView */ = {
			isa = PBXGroup;
			children = (
				7F3E4ED92A5EA2770037D5B2 /* SettingsView */,
				7F3E4ED72A5E86640037D5B2 /* ProfileView.swift */,
			);
			name = ProfileView;
			sourceTree = "<group>";
		};
		7F3E4ED92A5EA2770037D5B2 /* SettingsView */ = {
			isa = PBXGroup;
			children = (
				7F3E4EDA2A5EA2860037D5B2 /* SettingsView.swift */,
			);
			name = SettingsView;
			sourceTree = "<group>";
		};
		7F59C66C2A5BC88F004EC5C2 /* MusicianPlaylistView */ = {
			isa = PBXGroup;
			children = (
				7F59C6712A5C03C9004EC5C2 /* MusicianInfoView */,
				7F59C66D2A5BC8DD004EC5C2 /* MusicianPlaylistView.swift */,
			);
			name = MusicianPlaylistView;
			sourceTree = "<group>";
		};
		7F59C6712A5C03C9004EC5C2 /* MusicianInfoView */ = {
			isa = PBXGroup;
			children = (
				7F59C6722A5C03F0004EC5C2 /* MusicianInfoView.swift */,
				7FBBB5C52A5FB4C800F7F785 /* ConcertsView */,
			);
			name = MusicianInfoView;
			sourceTree = "<group>";
		};
		7F8D16E72A552FB30021C994 /* Fonts */ = {
			isa = PBXGroup;
			children = (
				7F8D16E82A552FC90021C994 /* Righteous-Regular.ttf */,
				7F8D16EA2A5530340021C994 /* Poppins-Regular.ttf */,
				7F8D16EC2A5535780021C994 /* Poppins-Bold.ttf */,
				7F8D16EE2A5535E50021C994 /* Poppins-Italic.ttf */,
			);
			path = Fonts;
			sourceTree = "<group>";
		};
		7F8D16F02A5537BE0021C994 /* TabView */ = {
			isa = PBXGroup;
			children = (
				7FBBB5CB2A6012B700F7F785 /* VideoView */,
				7F3E4ED62A5E86460037D5B2 /* ProfileView */,
				7F9B35142A5C373100834CB6 /* LibraryView */,
				7F8D16F72A5566B70021C994 /* HomeView */,
				7F8D16F32A55381F0021C994 /* TabNavigationView.swift */,
			);
			name = TabView;
			sourceTree = "<group>";
		};
		7F8D16F72A5566B70021C994 /* HomeView */ = {
			isa = PBXGroup;
			children = (
				7F8D16FA2A5566E40021C994 /* HomeView.swift */,
			);
			name = HomeView;
			sourceTree = "<group>";
		};
		7F9B35142A5C373100834CB6 /* LibraryView */ = {
			isa = PBXGroup;
			children = (
				7F9B35152A5C374100834CB6 /* LibraryView.swift */,
			);
			name = LibraryView;
			sourceTree = "<group>";
		};
		7FBBB5C52A5FB4C800F7F785 /* ConcertsView */ = {
			isa = PBXGroup;
			children = (
				7FBBB5C62A5FB4E300F7F785 /* ConcertsView.swift */,
			);
			name = ConcertsView;
			sourceTree = "<group>";
		};
		7FBBB5C82A5FC1DB00F7F785 /* UserFavPlaylist */ = {
			isa = PBXGroup;
			children = (
				7FBBB5C92A5FC20500F7F785 /* UserFavPlaylistView.swift */,
			);
			name = UserFavPlaylist;
			sourceTree = "<group>";
		};
		7FBBB5CB2A6012B700F7F785 /* VideoView */ = {
			isa = PBXGroup;
			children = (
				7FBBB5CC2A6012C800F7F785 /* VideoView.swift */,
			);
			name = VideoView;
			sourceTree = "<group>";
		};
		7FC501722A567AD500FD8A58 /* Models */ = {
			isa = PBXGroup;
			children = (
				7F8D71922A57CD3C005A31F2 /* Login-Signup ViewModel.swift */,
				7FC501732A567AF300FD8A58 /* SongListHomeModel.swift */,
				7F59C66F2A5BDD98004EC5C2 /* MusicianPlaylistModel.swift */,
				7F034ADB2A5D1A78003CCFBC /* LibraryViewModel.swift */,
			);
			path = Models;
			sourceTree = "<group>";
		};
		7FC501752A569A3100FD8A58 /* GeolocationView */ = {
			isa = PBXGroup;
			children = (
				7FC501762A569A4E00FD8A58 /* GeolocationView.swift */,
			);
			name = GeolocationView;
			sourceTree = "<group>";
		};
		7FE24D7F2A53F113002AFB22 = {
			isa = PBXGroup;
			children = (
				7FE24D8A2A53F113002AFB22 /* demo */,
				7FE24D9B2A53F115002AFB22 /* demoTests */,
				7FE24DA52A53F115002AFB22 /* demoUITests */,
				7FE24D892A53F113002AFB22 /* Products */,
			);
			sourceTree = "<group>";
		};
		7FE24D892A53F113002AFB22 /* Products */ = {
			isa = PBXGroup;
			children = (
				7FE24D882A53F113002AFB22 /* demo.app */,
				7FE24D982A53F115002AFB22 /* demoTests.xctest */,
				7FE24DA22A53F115002AFB22 /* demoUITests.xctest */,
			);
			name = Products;
			sourceTree = "<group>";
		};
		7FE24D8A2A53F113002AFB22 /* demo */ = {
			isa = PBXGroup;
			children = (
				7F8D16E72A552FB30021C994 /* Fonts */,
				7F8D16E42A552A0A0021C994 /* Info.plist */,
				7FE24DBB2A542B08002AFB22 /* Views */,
				7FE24D8B2A53F113002AFB22 /* demoApp.swift */,
				7FC501722A567AD500FD8A58 /* Models */,
				7FE24D8D2A53F113002AFB22 /* ContentView.swift */,
				7FE24D8F2A53F115002AFB22 /* Assets.xcassets */,
				7F8D16F52A554A880021C994 /* Utils.swift */,
				7FE24D912A53F115002AFB22 /* Preview Content */,
			);
			path = demo;
			sourceTree = "<group>";
		};
		7FE24D912A53F115002AFB22 /* Preview Content */ = {
			isa = PBXGroup;
			children = (
				7FE24D922A53F115002AFB22 /* Preview Assets.xcassets */,
			);
			path = "Preview Content";
			sourceTree = "<group>";
		};
		7FE24D9B2A53F115002AFB22 /* demoTests */ = {
			isa = PBXGroup;
			children = (
				7FE24D9C2A53F115002AFB22 /* demoTests.swift */,
			);
			path = demoTests;
			sourceTree = "<group>";
		};
		7FE24DA52A53F115002AFB22 /* demoUITests */ = {
			isa = PBXGroup;
			children = (
				7FE24DA62A53F115002AFB22 /* demoUITests.swift */,
				7FE24DA82A53F115002AFB22 /* demoUITestsLaunchTests.swift */,
			);
			path = demoUITests;
			sourceTree = "<group>";
		};
		7FE24DBB2A542B08002AFB22 /* Views */ = {
			isa = PBXGroup;
			children = (
				7F35AF2E2A601BE4007AB06F /* Top10SongsView */,
				7FBBB5C82A5FC1DB00F7F785 /* UserFavPlaylist */,
				7F034ADD2A5D56CC003CCFBC /* UserPlaylistViews */,
				7F59C66C2A5BC88F004EC5C2 /* MusicianPlaylistView */,
				7FC501752A569A3100FD8A58 /* GeolocationView */,
				7F8D16F02A5537BE0021C994 /* TabView */,
				7FE24DB52A53F12D002AFB22 /* SplashView.swift */,
				7FE24DBD2A542BA0002AFB22 /* Login&Signup */,
			);
			name = Views;
			sourceTree = "<group>";
		};
		7FE24DBD2A542BA0002AFB22 /* Login&Signup */ = {
			isa = PBXGroup;
			children = (
				7FE24DB72A53FCAC002AFB22 /* LoginView.swift */,
				7FE24DB92A54275F002AFB22 /* SignupView.swift */,
			);
			name = "Login&Signup";
			sourceTree = "<group>";
		};
/* End PBXGroup section */

/* Begin PBXNativeTarget section */
		7FE24D872A53F113002AFB22 /* demo */ = {
			isa = PBXNativeTarget;
			buildConfigurationList = 7FE24DAC2A53F115002AFB22 /* Build configuration list for PBXNativeTarget "demo" */;
			buildPhases = (
				7FE24D842A53F113002AFB22 /* Sources */,
				7FE24D852A53F113002AFB22 /* Frameworks */,
				7FE24D862A53F113002AFB22 /* Resources */,
			);
			buildRules = (
			);
			dependencies = (
			);
			name = demo;
			productName = demo;
			productReference = 7FE24D882A53F113002AFB22 /* demo.app */;
			productType = "com.apple.product-type.application";
		};
		7FE24D972A53F115002AFB22 /* demoTests */ = {
			isa = PBXNativeTarget;
			buildConfigurationList = 7FE24DAF2A53F115002AFB22 /* Build configuration list for PBXNativeTarget "demoTests" */;
			buildPhases = (
				7FE24D942A53F115002AFB22 /* Sources */,
				7FE24D952A53F115002AFB22 /* Frameworks */,
				7FE24D962A53F115002AFB22 /* Resources */,
			);
			buildRules = (
			);
			dependencies = (
				7FE24D9A2A53F115002AFB22 /* PBXTargetDependency */,
			);
			name = demoTests;
			productName = demoTests;
			productReference = 7FE24D982A53F115002AFB22 /* demoTests.xctest */;
			productType = "com.apple.product-type.bundle.unit-test";
		};
		7FE24DA12A53F115002AFB22 /* demoUITests */ = {
			isa = PBXNativeTarget;
			buildConfigurationList = 7FE24DB22A53F115002AFB22 /* Build configuration list for PBXNativeTarget "demoUITests" */;
			buildPhases = (
				7FE24D9E2A53F115002AFB22 /* Sources */,
				7FE24D9F2A53F115002AFB22 /* Frameworks */,
				7FE24DA02A53F115002AFB22 /* Resources */,
			);
			buildRules = (
			);
			dependencies = (
				7FE24DA42A53F115002AFB22 /* PBXTargetDependency */,
			);
			name = demoUITests;
			productName = demoUITests;
			productReference = 7FE24DA22A53F115002AFB22 /* demoUITests.xctest */;
			productType = "com.apple.product-type.bundle.ui-testing";
		};
/* End PBXNativeTarget section */

/* Begin PBXProject section */
		7FE24D802A53F113002AFB22 /* Project object */ = {
			isa = PBXProject;
			attributes = {
				BuildIndependentTargetsInParallel = 1;
				LastSwiftUpdateCheck = 1430;
				LastUpgradeCheck = 1430;
				TargetAttributes = {
					7FE24D872A53F113002AFB22 = {
						CreatedOnToolsVersion = 14.3.1;
					};
					7FE24D972A53F115002AFB22 = {
						CreatedOnToolsVersion = 14.3.1;
						TestTargetID = 7FE24D872A53F113002AFB22;
					};
					7FE24DA12A53F115002AFB22 = {
						CreatedOnToolsVersion = 14.3.1;
						TestTargetID = 7FE24D872A53F113002AFB22;
					};
				};
			};
			buildConfigurationList = 7FE24D832A53F113002AFB22 /* Build configuration list for PBXProject "demo" */;
			compatibilityVersion = "Xcode 14.0";
			developmentRegion = en;
			hasScannedForEncodings = 0;
			knownRegions = (
				en,
				Base,
			);
			mainGroup = 7FE24D7F2A53F113002AFB22;
			productRefGroup = 7FE24D892A53F113002AFB22 /* Products */;
			projectDirPath = "";
			projectRoot = "";
			targets = (
				7FE24D872A53F113002AFB22 /* demo */,
				7FE24D972A53F115002AFB22 /* demoTests */,
				7FE24DA12A53F115002AFB22 /* demoUITests */,
			);
		};
/* End PBXProject section */

/* Begin PBXResourcesBuildPhase section */
		7FE24D862A53F113002AFB22 /* Resources */ = {
			isa = PBXResourcesBuildPhase;
			buildActionMask = 2147483647;
			files = (
				7F8D16EF2A5535E50021C994 /* Poppins-Italic.ttf in Resources */,
				7FE24D932A53F115002AFB22 /* Preview Assets.xcassets in Resources */,
				7F8D16E92A552FC90021C994 /* Righteous-Regular.ttf in Resources */,
				7F8D16ED2A5535780021C994 /* Poppins-Bold.ttf in Resources */,
				7FE24D902A53F115002AFB22 /* Assets.xcassets in Resources */,
				7F8D16EB2A5530340021C994 /* Poppins-Regular.ttf in Resources */,
			);
			runOnlyForDeploymentPostprocessing = 0;
		};
		7FE24D962A53F115002AFB22 /* Resources */ = {
			isa = PBXResourcesBuildPhase;
			buildActionMask = 2147483647;
			files = (
			);
			runOnlyForDeploymentPostprocessing = 0;
		};
		7FE24DA02A53F115002AFB22 /* Resources */ = {
			isa = PBXResourcesBuildPhase;
			buildActionMask = 2147483647;
			files = (
			);
			runOnlyForDeploymentPostprocessing = 0;
		};
/* End PBXResourcesBuildPhase section */

/* Begin PBXSourcesBuildPhase section */
		7FE24D842A53F113002AFB22 /* Sources */ = {
			isa = PBXSourcesBuildPhase;
			buildActionMask = 2147483647;
			files = (
				7F59C6702A5BDD98004EC5C2 /* MusicianPlaylistModel.swift in Sources */,
				7F8D71932A57CD3D005A31F2 /* Login-Signup ViewModel.swift in Sources */,
				7F034ADC2A5D1A78003CCFBC /* LibraryViewModel.swift in Sources */,
				7F3E4ED52A5E64A40037D5B2 /* SongsToPlaylistView().swift in Sources */,
				7F034AE02A5D56F2003CCFBC /* CreatePlaylistView.swift in Sources */,
				7FBBB5CA2A5FC20500F7F785 /* UserFavPlaylistView.swift in Sources */,
				7FBBB5CD2A6012C800F7F785 /* VideoView.swift in Sources */,
				7F3E4EDB2A5EA2860037D5B2 /* SettingsView.swift in Sources */,
				7FBBB5C72A5FB4E300F7F785 /* ConcertsView.swift in Sources */,
				7FE24D8E2A53F113002AFB22 /* ContentView.swift in Sources */,
				7F59C6732A5C03F0004EC5C2 /* MusicianInfoView.swift in Sources */,
				7F8F197B2A6101C7003EA414 /* AlbumDetailsView.swift in Sources */,
				7FE24D8C2A53F113002AFB22 /* demoApp.swift in Sources */,
				7F8D16F42A55381F0021C994 /* TabNavigationView.swift in Sources */,
				7F35AF302A601BFE007AB06F /* TopSongsView.swift in Sources */,
				7FC501742A567AF300FD8A58 /* SongListHomeModel.swift in Sources */,
				7F8D16F62A554A880021C994 /* Utils.swift in Sources */,
				7FE24DB82A53FCAC002AFB22 /* LoginView.swift in Sources */,
				7F59C66E2A5BC8DD004EC5C2 /* MusicianPlaylistView.swift in Sources */,
				7F8D16FB2A5566E40021C994 /* HomeView.swift in Sources */,
				7FC501772A569A4E00FD8A58 /* GeolocationView.swift in Sources */,
				7FE24DB62A53F12D002AFB22 /* SplashView.swift in Sources */,
				7F3E4ED82A5E86640037D5B2 /* ProfileView.swift in Sources */,
				7F9B35162A5C374100834CB6 /* LibraryView.swift in Sources */,
				7FE24DBA2A54275F002AFB22 /* SignupView.swift in Sources */,
			);
			runOnlyForDeploymentPostprocessing = 0;
		};
		7FE24D942A53F115002AFB22 /* Sources */ = {
			isa = PBXSourcesBuildPhase;
			buildActionMask = 2147483647;
			files = (
				7FE24D9D2A53F115002AFB22 /* demoTests.swift in Sources */,
			);
			runOnlyForDeploymentPostprocessing = 0;
		};
		7FE24D9E2A53F115002AFB22 /* Sources */ = {
			isa = PBXSourcesBuildPhase;
			buildActionMask = 2147483647;
			files = (
				7FE24DA72A53F115002AFB22 /* demoUITests.swift in Sources */,
				7FE24DA92A53F115002AFB22 /* demoUITestsLaunchTests.swift in Sources */,
			);
			runOnlyForDeploymentPostprocessing = 0;
		};
/* End PBXSourcesBuildPhase section */

/* Begin PBXTargetDependency section */
		7FE24D9A2A53F115002AFB22 /* PBXTargetDependency */ = {
			isa = PBXTargetDependency;
			target = 7FE24D872A53F113002AFB22 /* demo */;
			targetProxy = 7FE24D992A53F115002AFB22 /* PBXContainerItemProxy */;
		};
		7FE24DA42A53F115002AFB22 /* PBXTargetDependency */ = {
			isa = PBXTargetDependency;
			target = 7FE24D872A53F113002AFB22 /* demo */;
			targetProxy = 7FE24DA32A53F115002AFB22 /* PBXContainerItemProxy */;
		};
/* End PBXTargetDependency section */

/* Begin XCBuildConfiguration section */
		7FE24DAA2A53F115002AFB22 /* Debug */ = {
			isa = XCBuildConfiguration;
			buildSettings = {
				ALWAYS_SEARCH_USER_PATHS = NO;
				CLANG_ANALYZER_NONNULL = YES;
				CLANG_ANALYZER_NUMBER_OBJECT_CONVERSION = YES_AGGRESSIVE;
				CLANG_CXX_LANGUAGE_STANDARD = "gnu++20";
				CLANG_ENABLE_MODULES = YES;
				CLANG_ENABLE_OBJC_ARC = YES;
				CLANG_ENABLE_OBJC_WEAK = YES;
				CLANG_WARN_BLOCK_CAPTURE_AUTORELEASING = YES;
				CLANG_WARN_BOOL_CONVERSION = YES;
				CLANG_WARN_COMMA = YES;
				CLANG_WARN_CONSTANT_CONVERSION = YES;
				CLANG_WARN_DEPRECATED_OBJC_IMPLEMENTATIONS = YES;
				CLANG_WARN_DIRECT_OBJC_ISA_USAGE = YES_ERROR;
				CLANG_WARN_DOCUMENTATION_COMMENTS = YES;
				CLANG_WARN_EMPTY_BODY = YES;
				CLANG_WARN_ENUM_CONVERSION = YES;
				CLANG_WARN_INFINITE_RECURSION = YES;
				CLANG_WARN_INT_CONVERSION = YES;
				CLANG_WARN_NON_LITERAL_NULL_CONVERSION = YES;
				CLANG_WARN_OBJC_IMPLICIT_RETAIN_SELF = YES;
				CLANG_WARN_OBJC_LITERAL_CONVERSION = YES;
				CLANG_WARN_OBJC_ROOT_CLASS = YES_ERROR;
				CLANG_WARN_QUOTED_INCLUDE_IN_FRAMEWORK_HEADER = YES;
				CLANG_WARN_RANGE_LOOP_ANALYSIS = YES;
				CLANG_WARN_STRICT_PROTOTYPES = YES;
				CLANG_WARN_SUSPICIOUS_MOVE = YES;
				CLANG_WARN_UNGUARDED_AVAILABILITY = YES_AGGRESSIVE;
				CLANG_WARN_UNREACHABLE_CODE = YES;
				CLANG_WARN__DUPLICATE_METHOD_MATCH = YES;
				COPY_PHASE_STRIP = NO;
				DEBUG_INFORMATION_FORMAT = dwarf;
				ENABLE_STRICT_OBJC_MSGSEND = YES;
				ENABLE_TESTABILITY = YES;
				GCC_C_LANGUAGE_STANDARD = gnu11;
				GCC_DYNAMIC_NO_PIC = NO;
				GCC_NO_COMMON_BLOCKS = YES;
				GCC_OPTIMIZATION_LEVEL = 0;
				GCC_PREPROCESSOR_DEFINITIONS = (
					"DEBUG=1",
					"$(inherited)",
				);
				GCC_WARN_64_TO_32_BIT_CONVERSION = YES;
				GCC_WARN_ABOUT_RETURN_TYPE = YES_ERROR;
				GCC_WARN_UNDECLARED_SELECTOR = YES;
				GCC_WARN_UNINITIALIZED_AUTOS = YES_AGGRESSIVE;
				GCC_WARN_UNUSED_FUNCTION = YES;
				GCC_WARN_UNUSED_VARIABLE = YES;
				IPHONEOS_DEPLOYMENT_TARGET = 16.4;
				MTL_ENABLE_DEBUG_INFO = INCLUDE_SOURCE;
				MTL_FAST_MATH = YES;
				ONLY_ACTIVE_ARCH = YES;
				SDKROOT = iphoneos;
				SWIFT_ACTIVE_COMPILATION_CONDITIONS = DEBUG;
				SWIFT_OPTIMIZATION_LEVEL = "-Onone";
			};
			name = Debug;
		};
		7FE24DAB2A53F115002AFB22 /* Release */ = {
			isa = XCBuildConfiguration;
			buildSettings = {
				ALWAYS_SEARCH_USER_PATHS = NO;
				CLANG_ANALYZER_NONNULL = YES;
				CLANG_ANALYZER_NUMBER_OBJECT_CONVERSION = YES_AGGRESSIVE;
				CLANG_CXX_LANGUAGE_STANDARD = "gnu++20";
				CLANG_ENABLE_MODULES = YES;
				CLANG_ENABLE_OBJC_ARC = YES;
				CLANG_ENABLE_OBJC_WEAK = YES;
				CLANG_WARN_BLOCK_CAPTURE_AUTORELEASING = YES;
				CLANG_WARN_BOOL_CONVERSION = YES;
				CLANG_WARN_COMMA = YES;
				CLANG_WARN_CONSTANT_CONVERSION = YES;
				CLANG_WARN_DEPRECATED_OBJC_IMPLEMENTATIONS = YES;
				CLANG_WARN_DIRECT_OBJC_ISA_USAGE = YES_ERROR;
				CLANG_WARN_DOCUMENTATION_COMMENTS = YES;
				CLANG_WARN_EMPTY_BODY = YES;
				CLANG_WARN_ENUM_CONVERSION = YES;
				CLANG_WARN_INFINITE_RECURSION = YES;
				CLANG_WARN_INT_CONVERSION = YES;
				CLANG_WARN_NON_LITERAL_NULL_CONVERSION = YES;
				CLANG_WARN_OBJC_IMPLICIT_RETAIN_SELF = YES;
				CLANG_WARN_OBJC_LITERAL_CONVERSION = YES;
				CLANG_WARN_OBJC_ROOT_CLASS = YES_ERROR;
				CLANG_WARN_QUOTED_INCLUDE_IN_FRAMEWORK_HEADER = YES;
				CLANG_WARN_RANGE_LOOP_ANALYSIS = YES;
				CLANG_WARN_STRICT_PROTOTYPES = YES;
				CLANG_WARN_SUSPICIOUS_MOVE = YES;
				CLANG_WARN_UNGUARDED_AVAILABILITY = YES_AGGRESSIVE;
				CLANG_WARN_UNREACHABLE_CODE = YES;
				CLANG_WARN__DUPLICATE_METHOD_MATCH = YES;
				COPY_PHASE_STRIP = NO;
				DEBUG_INFORMATION_FORMAT = "dwarf-with-dsym";
				ENABLE_NS_ASSERTIONS = NO;
				ENABLE_STRICT_OBJC_MSGSEND = YES;
				GCC_C_LANGUAGE_STANDARD = gnu11;
				GCC_NO_COMMON_BLOCKS = YES;
				GCC_WARN_64_TO_32_BIT_CONVERSION = YES;
				GCC_WARN_ABOUT_RETURN_TYPE = YES_ERROR;
				GCC_WARN_UNDECLARED_SELECTOR = YES;
				GCC_WARN_UNINITIALIZED_AUTOS = YES_AGGRESSIVE;
				GCC_WARN_UNUSED_FUNCTION = YES;
				GCC_WARN_UNUSED_VARIABLE = YES;
				IPHONEOS_DEPLOYMENT_TARGET = 16.4;
				MTL_ENABLE_DEBUG_INFO = NO;
				MTL_FAST_MATH = YES;
				SDKROOT = iphoneos;
				SWIFT_COMPILATION_MODE = wholemodule;
				SWIFT_OPTIMIZATION_LEVEL = "-O";
				VALIDATE_PRODUCT = YES;
			};
			name = Release;
		};
		7FE24DAD2A53F115002AFB22 /* Debug */ = {
			isa = XCBuildConfiguration;
			buildSettings = {
				ASSETCATALOG_COMPILER_APPICON_NAME = AppIcon;
				ASSETCATALOG_COMPILER_GLOBAL_ACCENT_COLOR_NAME = AccentColor;
				CODE_SIGN_STYLE = Automatic;
				CURRENT_PROJECT_VERSION = 1;
				DEVELOPMENT_ASSET_PATHS = "\"demo/Preview Content\"";
				DEVELOPMENT_TEAM = 64A3KK9T49;
				ENABLE_PREVIEWS = YES;
				GENERATE_INFOPLIST_FILE = YES;
				INFOPLIST_FILE = demo/Info.plist;
				INFOPLIST_KEY_UIApplicationSceneManifest_Generation = YES;
				INFOPLIST_KEY_UIApplicationSupportsIndirectInputEvents = YES;
				INFOPLIST_KEY_UILaunchScreen_Generation = YES;
				INFOPLIST_KEY_UISupportedInterfaceOrientations_iPad = "UIInterfaceOrientationPortrait UIInterfaceOrientationPortraitUpsideDown UIInterfaceOrientationLandscapeLeft UIInterfaceOrientationLandscapeRight";
				INFOPLIST_KEY_UISupportedInterfaceOrientations_iPhone = "UIInterfaceOrientationPortrait UIInterfaceOrientationLandscapeLeft UIInterfaceOrientationLandscapeRight";
				LD_RUNPATH_SEARCH_PATHS = (
					"$(inherited)",
					"@executable_path/Frameworks",
				);
				MARKETING_VERSION = 1.0;
				PRODUCT_BUNDLE_IDENTIFIER = com.example.demo;
				PRODUCT_NAME = "$(TARGET_NAME)";
				SWIFT_EMIT_LOC_STRINGS = YES;
				SWIFT_VERSION = 5.0;
				TARGETED_DEVICE_FAMILY = "1,2";
			};
			name = Debug;
		};
		7FE24DAE2A53F115002AFB22 /* Release */ = {
			isa = XCBuildConfiguration;
			buildSettings = {
				ASSETCATALOG_COMPILER_APPICON_NAME = AppIcon;
				ASSETCATALOG_COMPILER_GLOBAL_ACCENT_COLOR_NAME = AccentColor;
				CODE_SIGN_STYLE = Automatic;
				CURRENT_PROJECT_VERSION = 1;
				DEVELOPMENT_ASSET_PATHS = "\"demo/Preview Content\"";
				DEVELOPMENT_TEAM = 64A3KK9T49;
				ENABLE_PREVIEWS = YES;
				GENERATE_INFOPLIST_FILE = YES;
				INFOPLIST_FILE = demo/Info.plist;
				INFOPLIST_KEY_UIApplicationSceneManifest_Generation = YES;
				INFOPLIST_KEY_UIApplicationSupportsIndirectInputEvents = YES;
				INFOPLIST_KEY_UILaunchScreen_Generation = YES;
				INFOPLIST_KEY_UISupportedInterfaceOrientations_iPad = "UIInterfaceOrientationPortrait UIInterfaceOrientationPortraitUpsideDown UIInterfaceOrientationLandscapeLeft UIInterfaceOrientationLandscapeRight";
				INFOPLIST_KEY_UISupportedInterfaceOrientations_iPhone = "UIInterfaceOrientationPortrait UIInterfaceOrientationLandscapeLeft UIInterfaceOrientationLandscapeRight";
				LD_RUNPATH_SEARCH_PATHS = (
					"$(inherited)",
					"@executable_path/Frameworks",
				);
				MARKETING_VERSION = 1.0;
				PRODUCT_BUNDLE_IDENTIFIER = com.example.demo;
				PRODUCT_NAME = "$(TARGET_NAME)";
				SWIFT_EMIT_LOC_STRINGS = YES;
				SWIFT_VERSION = 5.0;
				TARGETED_DEVICE_FAMILY = "1,2";
			};
			name = Release;
		};
		7FE24DB02A53F115002AFB22 /* Debug */ = {
			isa = XCBuildConfiguration;
			buildSettings = {
				ALWAYS_EMBED_SWIFT_STANDARD_LIBRARIES = YES;
				BUNDLE_LOADER = "$(TEST_HOST)";
				CODE_SIGN_STYLE = Automatic;
				CURRENT_PROJECT_VERSION = 1;
				DEVELOPMENT_TEAM = 64A3KK9T49;
				GENERATE_INFOPLIST_FILE = YES;
				IPHONEOS_DEPLOYMENT_TARGET = 16.4;
				MARKETING_VERSION = 1.0;
				PRODUCT_BUNDLE_IDENTIFIER = com.example.demoTests;
				PRODUCT_NAME = "$(TARGET_NAME)";
				SWIFT_EMIT_LOC_STRINGS = NO;
				SWIFT_VERSION = 5.0;
				TARGETED_DEVICE_FAMILY = "1,2";
				TEST_HOST = "$(BUILT_PRODUCTS_DIR)/demo.app/$(BUNDLE_EXECUTABLE_FOLDER_PATH)/demo";
			};
			name = Debug;
		};
		7FE24DB12A53F115002AFB22 /* Release */ = {
			isa = XCBuildConfiguration;
			buildSettings = {
				ALWAYS_EMBED_SWIFT_STANDARD_LIBRARIES = YES;
				BUNDLE_LOADER = "$(TEST_HOST)";
				CODE_SIGN_STYLE = Automatic;
				CURRENT_PROJECT_VERSION = 1;
				DEVELOPMENT_TEAM = 64A3KK9T49;
				GENERATE_INFOPLIST_FILE = YES;
				IPHONEOS_DEPLOYMENT_TARGET = 16.4;
				MARKETING_VERSION = 1.0;
				PRODUCT_BUNDLE_IDENTIFIER = com.example.demoTests;
				PRODUCT_NAME = "$(TARGET_NAME)";
				SWIFT_EMIT_LOC_STRINGS = NO;
				SWIFT_VERSION = 5.0;
				TARGETED_DEVICE_FAMILY = "1,2";
				TEST_HOST = "$(BUILT_PRODUCTS_DIR)/demo.app/$(BUNDLE_EXECUTABLE_FOLDER_PATH)/demo";
			};
			name = Release;
		};
		7FE24DB32A53F115002AFB22 /* Debug */ = {
			isa = XCBuildConfiguration;
			buildSettings = {
				ALWAYS_EMBED_SWIFT_STANDARD_LIBRARIES = YES;
				CODE_SIGN_STYLE = Automatic;
				CURRENT_PROJECT_VERSION = 1;
				DEVELOPMENT_TEAM = 64A3KK9T49;
				GENERATE_INFOPLIST_FILE = YES;
				MARKETING_VERSION = 1.0;
				PRODUCT_BUNDLE_IDENTIFIER = com.example.demoUITests;
				PRODUCT_NAME = "$(TARGET_NAME)";
				SWIFT_EMIT_LOC_STRINGS = NO;
				SWIFT_VERSION = 5.0;
				TARGETED_DEVICE_FAMILY = "1,2";
				TEST_TARGET_NAME = demo;
			};
			name = Debug;
		};
		7FE24DB42A53F115002AFB22 /* Release */ = {
			isa = XCBuildConfiguration;
			buildSettings = {
				ALWAYS_EMBED_SWIFT_STANDARD_LIBRARIES = YES;
				CODE_SIGN_STYLE = Automatic;
				CURRENT_PROJECT_VERSION = 1;
				DEVELOPMENT_TEAM = 64A3KK9T49;
				GENERATE_INFOPLIST_FILE = YES;
				MARKETING_VERSION = 1.0;
				PRODUCT_BUNDLE_IDENTIFIER = com.example.demoUITests;
				PRODUCT_NAME = "$(TARGET_NAME)";
				SWIFT_EMIT_LOC_STRINGS = NO;
				SWIFT_VERSION = 5.0;
				TARGETED_DEVICE_FAMILY = "1,2";
				TEST_TARGET_NAME = demo;
			};
			name = Release;
		};
/* End XCBuildConfiguration section */

/* Begin XCConfigurationList section */
		7FE24D832A53F113002AFB22 /* Build configuration list for PBXProject "demo" */ = {
			isa = XCConfigurationList;
			buildConfigurations = (
				7FE24DAA2A53F115002AFB22 /* Debug */,
				7FE24DAB2A53F115002AFB22 /* Release */,
			);
			defaultConfigurationIsVisible = 0;
			defaultConfigurationName = Release;
		};
		7FE24DAC2A53F115002AFB22 /* Build configuration list for PBXNativeTarget "demo" */ = {
			isa = XCConfigurationList;
			buildConfigurations = (
				7FE24DAD2A53F115002AFB22 /* Debug */,
				7FE24DAE2A53F115002AFB22 /* Release */,
			);
			defaultConfigurationIsVisible = 0;
			defaultConfigurationName = Release;
		};
		7FE24DAF2A53F115002AFB22 /* Build configuration list for PBXNativeTarget "demoTests" */ = {
			isa = XCConfigurationList;
			buildConfigurations = (
				7FE24DB02A53F115002AFB22 /* Debug */,
				7FE24DB12A53F115002AFB22 /* Release */,
			);
			defaultConfigurationIsVisible = 0;
			defaultConfigurationName = Release;
		};
		7FE24DB22A53F115002AFB22 /* Build configuration list for PBXNativeTarget "demoUITests" */ = {
			isa = XCConfigurationList;
			buildConfigurations = (
				7FE24DB32A53F115002AFB22 /* Debug */,
				7FE24DB42A53F115002AFB22 /* Release */,
			);
			defaultConfigurationIsVisible = 0;
			defaultConfigurationName = Release;
		};
/* End XCConfigurationList section */
	};
	rootObject = 7FE24D802A53F113002AFB22 /* Project object */;
}
